Microsoft Visual Studio Solution File, Format Version 12.00
# Visual Studio Version 17
VisualStudioVersion = 17.13.35931.197
MinimumVisualStudioVersion = 10.0.40219.1
Project("{FAE04EC0-301F-11D3-BF4B-00C04F79EFBC}") = "BackupUtility", "BackupUtility.csproj", "{7F9C461B-DABF-4A01-B4C7-DB8FAE076110}"
EndProject
Global
	GlobalSection(SolutionConfigurationPlatforms) = preSolution
		Debug|Any CPU = Debug|Any CPU
		Release|Any CPU = Release|Any CPU
	EndGlobalSection
	GlobalSection(ProjectConfigurationPlatforms) = postSolution
		{7F9C461B-DABF-4A01-B4C7-DB8FAE076110}.Debug|Any CPU.ActiveCfg = Debug|Any CPU
		{7F9C461B-DABF-4A01-B4C7-DB8FAE076110}.Debug|Any CPU.Build.0 = Debug|Any CPU
		{7F9C461B-DABF-4A01-B4C7-DB8FAE076110}.Release|Any CPU.ActiveCfg = Release|Any CPU
		{7F9C461B-DABF-4A01-B4C7-DB8FAE076110}.Release|Any CPU.Build.0 = Release|Any CPU
	EndGlobalSection
	GlobalSection(SolutionProperties) = preSolution
		HideSolutionNode = FALSE
	EndGlobalSection
	GlobalSection(ExtensibilityGlobals) = postSolution
		SolutionGuid = {00C0DCA6-F04B-46FE-9457-E8B2ACBD12F8}
	EndGlobalSection
EndGlobal
